
Microsoft Visual Studio Solution File, Format Version 12.00
# Visual Studio 15
VisualStudioVersion = 15.0.28307.539
MinimumVisualStudioVersion = 10.0.40219.1
Project("{FAE04EC0-301F-11D3-BF4B-00C04F79EFBC}") = "Dis1", "Dis1\Dis1.csproj", "{3D77AB7E-417D-4280-A6D5-E530362B79B2}"
EndProject
Global
	GlobalSection(SolutionConfigurationPlatforms) = preSolution
		Debug|Any CPU = Debug|Any CPU
		Release|Any CPU = Release|Any CPU
	EndGlobalSection
	GlobalSection(ProjectConfigurationPlatforms) = postSolution
		{3D77AB7E-417D-4280-A6D5-E530362B79B2}.Debug|Any CPU.ActiveCfg = Debug|Any CPU
		{3D77AB7E-417D-4280-A6D5-E530362B79B2}.Debug|Any CPU.Build.0 = Debug|Any CPU
		{3D77AB7E-417D-4280-A6D5-E530362B79B2}.Release|Any CPU.ActiveCfg = Release|Any CPU
		{3D77AB7E-417D-4280-A6D5-E530362B79B2}.Release|Any CPU.Build.0 = Release|Any CPU
	EndGlobalSection
	GlobalSection(SolutionProperties) = preSolution
		HideSolutionNode = FALSE
	EndGlobalSection
	GlobalSection(ExtensibilityGlobals) = postSolution
		SolutionGuid = {401BC8E7-29F2-4DFD-9D60-28AA7F6B0DBB}
	EndGlobalSection
EndGlobal
